
Microsoft Visual Studio Solution File, Format Version 12.00
# Visual Studio Version 16
VisualStudioVersion = 16.0.30503.244
MinimumVisualStudioVersion = 10.0.40219.1
Project("{8BC9CEB8-8B4A-11D0-8D11-00A0C91BC942}") = "MFCPractice3_BasicControl", "MFCPractice3_BasicControl.vcxproj", "{0DF02C72-DD6B-4894-9901-4AA1F8CA27DE}"
EndProject
Global
	GlobalSection(SolutionConfigurationPlatforms) = preSolution
		Debug|x64 = Debug|x64
		Debug|x86 = Debug|x86
		Release|x64 = Release|x64
		Release|x86 = Release|x86
	EndGlobalSection
	GlobalSection(ProjectConfigurationPlatforms) = postSolution
		{0DF02C72-DD6B-4894-9901-4AA1F8CA27DE}.Debug|x64.ActiveCfg = Debug|x64
		{0DF02C72-DD6B-4894-9901-4AA1F8CA27DE}.Debug|x64.Build.0 = Debug|x64
		{0DF02C72-DD6B-4894-9901-4AA1F8CA27DE}.Debug|x86.ActiveCfg = Debug|Win32
		{0DF02C72-DD6B-4894-9901-4AA1F8CA27DE}.Debug|x86.Build.0 = Debug|Win32
		{0DF02C72-DD6B-4894-9901-4AA1F8CA27DE}.Release|x64.ActiveCfg = Release|x64
		{0DF02C72-DD6B-4894-9901-4AA1F8CA27DE}.Release|x64.Build.0 = Release|x64
		{0DF02C72-DD6B-4894-9901-4AA1F8CA27DE}.Release|x86.ActiveCfg = Release|Win32
		{0DF02C72-DD6B-4894-9901-4AA1F8CA27DE}.Release|x86.Build.0 = Release|Win32
	EndGlobalSection
	GlobalSection(SolutionProperties) = preSolution
		HideSolutionNode = FALSE
	EndGlobalSection
	GlobalSection(ExtensibilityGlobals) = postSolution
		SolutionGuid = {F5B91FA3-F07F-421B-9B5A-8C76A46E1109}
	EndGlobalSection
EndGlobal
